
Microsoft Visual Studio Solution File, Format Version 12.00
# Visual Studio Version 17
VisualStudioVersion = 17.7.34031.279
MinimumVisualStudioVersion = 10.0.40219.1
Project("{9A19103F-16F7-4668-BE54-9A1E7A4F7556}") = "Entities", "Entities\Entities.csproj", "{09AF99AB-A55D-4E3A-98E1-772E8F4EC843}"
EndProject
Project("{9A19103F-16F7-4668-BE54-9A1E7A4F7556}") = "DataAccess", "DataAccess\DataAccess.csproj", "{FFCD8F51-175A-42C1-B6FF-C1FFEDF9ADA8}"
EndProject
Project("{9A19103F-16F7-4668-BE54-9A1E7A4F7556}") = "Business", "Business\Business.csproj", "{132665C5-EBC7-4316-9EC6-939FF0DF39FF}"
EndProject
Project("{9A19103F-16F7-4668-BE54-9A1E7A4F7556}") = "ConsoleUI", "ConsoleUI\ConsoleUI.csproj", "{D2CC29FD-E621-427F-8408-EE7636E217B9}"
EndProject
Project("{9A19103F-16F7-4668-BE54-9A1E7A4F7556}") = "Core", "Core\Core.csproj", "{47EA3886-2CC1-4D8B-91FC-B5419011432B}"
EndProject
Project("{FAE04EC0-301F-11D3-BF4B-00C04F79EFBC}") = "WebAPI", "WebAPI\WebAPI.csproj", "{593112A8-FCDC-436E-855B-AA49C499F61E}"
EndProject
Global
	GlobalSection(SolutionConfigurationPlatforms) = preSolution
		Debug|Any CPU = Debug|Any CPU
		Release|Any CPU = Release|Any CPU
	EndGlobalSection
	GlobalSection(ProjectConfigurationPlatforms) = postSolution
		{09AF99AB-A55D-4E3A-98E1-772E8F4EC843}.Debug|Any CPU.ActiveCfg = Debug|Any CPU
		{09AF99AB-A55D-4E3A-98E1-772E8F4EC843}.Debug|Any CPU.Build.0 = Debug|Any CPU
		{09AF99AB-A55D-4E3A-98E1-772E8F4EC843}.Release|Any CPU.ActiveCfg = Release|Any CPU
		{09AF99AB-A55D-4E3A-98E1-772E8F4EC843}.Release|Any CPU.Build.0 = Release|Any CPU
		{FFCD8F51-175A-42C1-B6FF-C1FFEDF9ADA8}.Debug|Any CPU.ActiveCfg = Debug|Any CPU
		{FFCD8F51-175A-42C1-B6FF-C1FFEDF9ADA8}.Debug|Any CPU.Build.0 = Debug|Any CPU
		{FFCD8F51-175A-42C1-B6FF-C1FFEDF9ADA8}.Release|Any CPU.ActiveCfg = Release|Any CPU
		{FFCD8F51-175A-42C1-B6FF-C1FFEDF9ADA8}.Release|Any CPU.Build.0 = Release|Any CPU
		{132665C5-EBC7-4316-9EC6-939FF0DF39FF}.Debug|Any CPU.ActiveCfg = Debug|Any CPU
		{132665C5-EBC7-4316-9EC6-939FF0DF39FF}.Debug|Any CPU.Build.0 = Debug|Any CPU
		{132665C5-EBC7-4316-9EC6-939FF0DF39FF}.Release|Any CPU.ActiveCfg = Release|Any CPU
		{132665C5-EBC7-4316-9EC6-939FF0DF39FF}.Release|Any CPU.Build.0 = Release|Any CPU
		{D2CC29FD-E621-427F-8408-EE7636E217B9}.Debug|Any CPU.ActiveCfg = Debug|Any CPU
		{D2CC29FD-E621-427F-8408-EE7636E217B9}.Debug|Any CPU.Build.0 = Debug|Any CPU
		{D2CC29FD-E621-427F-8408-EE7636E217B9}.Release|Any CPU.ActiveCfg = Release|Any CPU
		{D2CC29FD-E621-427F-8408-EE7636E217B9}.Release|Any CPU.Build.0 = Release|Any CPU
		{47EA3886-2CC1-4D8B-91FC-B5419011432B}.Debug|Any CPU.ActiveCfg = Debug|Any CPU
		{47EA3886-2CC1-4D8B-91FC-B5419011432B}.Debug|Any CPU.Build.0 = Debug|Any CPU
		{47EA3886-2CC1-4D8B-91FC-B5419011432B}.Release|Any CPU.ActiveCfg = Release|Any CPU
		{47EA3886-2CC1-4D8B-91FC-B5419011432B}.Release|Any CPU.Build.0 = Release|Any CPU
		{593112A8-FCDC-436E-855B-AA49C499F61E}.Debug|Any CPU.ActiveCfg = Debug|Any CPU
		{593112A8-FCDC-436E-855B-AA49C499F61E}.Debug|Any CPU.Build.0 = Debug|Any CPU
		{593112A8-FCDC-436E-855B-AA49C499F61E}.Release|Any CPU.ActiveCfg = Release|Any CPU
		{593112A8-FCDC-436E-855B-AA49C499F61E}.Release|Any CPU.Build.0 = Release|Any CPU
	EndGlobalSection
	GlobalSection(SolutionProperties) = preSolution
		HideSolutionNode = FALSE
	EndGlobalSection
	GlobalSection(ExtensibilityGlobals) = postSolution
		SolutionGuid = {0ACFEEAC-1487-4344-8D56-0FE52802A2DF}
	EndGlobalSection
EndGlobal
